
Microsoft Visual Studio Solution File, Format Version 12.00
# Visual Studio 2013
VisualStudioVersion = 12.0.30501.0
MinimumVisualStudioVersion = 10.0.40219.1
Project("{FAE04EC0-301F-11D3-BF4B-00C04F79EFBC}") = "InversionCounter", "InversionCounter\InversionCounter.csproj", "{608BF1AD-5CEE-47EB-AE87-21CAC267A59B}"
EndProject
Project("{FAE04EC0-301F-11D3-BF4B-00C04F79EFBC}") = "SortingAlogrithms", "SortingAlogrithms\SortingAlogrithms.csproj", "{57CB7A9B-1305-4A58-BD85-1AD4BC7C6C0F}"
EndProject
Project("{FAE04EC0-301F-11D3-BF4B-00C04F79EFBC}") = "SortingAlgorithmsTests", "SortingAlgorithmsTests\SortingAlgorithmsTests.csproj", "{ADE3EE88-6B24-4F27-B884-2CB4CCD60A44}"
EndProject
Project("{2150E333-8FDC-42A3-9474-1A3956D46DE8}") = "Sort", "Sort", "{5926895B-0512-4B57-B843-FBF6ED00971D}"
EndProject
Project("{2150E333-8FDC-42A3-9474-1A3956D46DE8}") = "Graph", "Graph", "{2EC92A80-9CF8-489C-84A9-6388DD60DFFF}"
EndProject
Project("{FAE04EC0-301F-11D3-BF4B-00C04F79EFBC}") = "GraphAlgorithms", "GraphAlgorithms\GraphAlgorithms.csproj", "{C1A448EE-2389-4666-BCA4-920C02AD7566}"
EndProject
Project("{FAE04EC0-301F-11D3-BF4B-00C04F79EFBC}") = "GraphAlgorithmTests", "GraphAlgorithmTests\GraphAlgorithmTests.csproj", "{882649DA-89FF-458E-A03B-BA3BB0E83C61}"
EndProject
Project("{FAE04EC0-301F-11D3-BF4B-00C04F79EFBC}") = "GraphSccHw", "GraphSccHw\GraphSccHw.csproj", "{7308E08A-846C-4BAF-8D14-0C4CE78C5519}"
EndProject
Project("{2150E333-8FDC-42A3-9474-1A3956D46DE8}") = "Hashtable", "Hashtable", "{05886EE2-4068-4713-AE79-64E7ABF1EAFC}"
EndProject
Project("{FAE04EC0-301F-11D3-BF4B-00C04F79EFBC}") = "Hashing", "Hashing\Hashing.csproj", "{B3DEA97D-455C-47DB-9573-6B3AE3C796CD}"
EndProject
Project("{FAE04EC0-301F-11D3-BF4B-00C04F79EFBC}") = "HashingTests", "HashingTests\HashingTests.csproj", "{6430C566-F1D1-479C-BDFD-5947698B0038}"
EndProject
Project("{FAE04EC0-301F-11D3-BF4B-00C04F79EFBC}") = "TwoSumHw", "TwoSumHw\TwoSumHw.csproj", "{185DB7BA-FA05-4105-ACCE-A62C035C15E7}"
EndProject
Global
	GlobalSection(SolutionConfigurationPlatforms) = preSolution
		Debug|Any CPU = Debug|Any CPU
		Release|Any CPU = Release|Any CPU
	EndGlobalSection
	GlobalSection(ProjectConfigurationPlatforms) = postSolution
		{608BF1AD-5CEE-47EB-AE87-21CAC267A59B}.Debug|Any CPU.ActiveCfg = Debug|Any CPU
		{608BF1AD-5CEE-47EB-AE87-21CAC267A59B}.Debug|Any CPU.Build.0 = Debug|Any CPU
		{608BF1AD-5CEE-47EB-AE87-21CAC267A59B}.Release|Any CPU.ActiveCfg = Release|Any CPU
		{608BF1AD-5CEE-47EB-AE87-21CAC267A59B}.Release|Any CPU.Build.0 = Release|Any CPU
		{57CB7A9B-1305-4A58-BD85-1AD4BC7C6C0F}.Debug|Any CPU.ActiveCfg = Debug|Any CPU
		{57CB7A9B-1305-4A58-BD85-1AD4BC7C6C0F}.Debug|Any CPU.Build.0 = Debug|Any CPU
		{57CB7A9B-1305-4A58-BD85-1AD4BC7C6C0F}.Release|Any CPU.ActiveCfg = Release|Any CPU
		{57CB7A9B-1305-4A58-BD85-1AD4BC7C6C0F}.Release|Any CPU.Build.0 = Release|Any CPU
		{ADE3EE88-6B24-4F27-B884-2CB4CCD60A44}.Debug|Any CPU.ActiveCfg = Debug|Any CPU
		{ADE3EE88-6B24-4F27-B884-2CB4CCD60A44}.Debug|Any CPU.Build.0 = Debug|Any CPU
		{ADE3EE88-6B24-4F27-B884-2CB4CCD60A44}.Release|Any CPU.ActiveCfg = Release|Any CPU
		{ADE3EE88-6B24-4F27-B884-2CB4CCD60A44}.Release|Any CPU.Build.0 = Release|Any CPU
		{C1A448EE-2389-4666-BCA4-920C02AD7566}.Debug|Any CPU.ActiveCfg = Debug|Any CPU
		{C1A448EE-2389-4666-BCA4-920C02AD7566}.Debug|Any CPU.Build.0 = Debug|Any CPU
		{C1A448EE-2389-4666-BCA4-920C02AD7566}.Release|Any CPU.ActiveCfg = Release|Any CPU
		{C1A448EE-2389-4666-BCA4-920C02AD7566}.Release|Any CPU.Build.0 = Release|Any CPU
		{882649DA-89FF-458E-A03B-BA3BB0E83C61}.Debug|Any CPU.ActiveCfg = Debug|Any CPU
		{882649DA-89FF-458E-A03B-BA3BB0E83C61}.Debug|Any CPU.Build.0 = Debug|Any CPU
		{882649DA-89FF-458E-A03B-BA3BB0E83C61}.Release|Any CPU.ActiveCfg = Release|Any CPU
		{882649DA-89FF-458E-A03B-BA3BB0E83C61}.Release|Any CPU.Build.0 = Release|Any CPU
		{7308E08A-846C-4BAF-8D14-0C4CE78C5519}.Debug|Any CPU.ActiveCfg = Debug|Any CPU
		{7308E08A-846C-4BAF-8D14-0C4CE78C5519}.Debug|Any CPU.Build.0 = Debug|Any CPU
		{7308E08A-846C-4BAF-8D14-0C4CE78C5519}.Release|Any CPU.ActiveCfg = Release|Any CPU
		{7308E08A-846C-4BAF-8D14-0C4CE78C5519}.Release|Any CPU.Build.0 = Release|Any CPU
		{B3DEA97D-455C-47DB-9573-6B3AE3C796CD}.Debug|Any CPU.ActiveCfg = Debug|Any CPU
		{B3DEA97D-455C-47DB-9573-6B3AE3C796CD}.Debug|Any CPU.Build.0 = Debug|Any CPU
		{B3DEA97D-455C-47DB-9573-6B3AE3C796CD}.Release|Any CPU.ActiveCfg = Release|Any CPU
		{B3DEA97D-455C-47DB-9573-6B3AE3C796CD}.Release|Any CPU.Build.0 = Release|Any CPU
		{6430C566-F1D1-479C-BDFD-5947698B0038}.Debug|Any CPU.ActiveCfg = Debug|Any CPU
		{6430C566-F1D1-479C-BDFD-5947698B0038}.Debug|Any CPU.Build.0 = Debug|Any CPU
		{6430C566-F1D1-479C-BDFD-5947698B0038}.Release|Any CPU.ActiveCfg = Release|Any CPU
		{6430C566-F1D1-479C-BDFD-5947698B0038}.Release|Any CPU.Build.0 = Release|Any CPU
		{185DB7BA-FA05-4105-ACCE-A62C035C15E7}.Debug|Any CPU.ActiveCfg = Debug|Any CPU
		{185DB7BA-FA05-4105-ACCE-A62C035C15E7}.Debug|Any CPU.Build.0 = Debug|Any CPU
		{185DB7BA-FA05-4105-ACCE-A62C035C15E7}.Release|Any CPU.ActiveCfg = Release|Any CPU
		{185DB7BA-FA05-4105-ACCE-A62C035C15E7}.Release|Any CPU.Build.0 = Release|Any CPU
	EndGlobalSection
	GlobalSection(SolutionProperties) = preSolution
		HideSolutionNode = FALSE
	EndGlobalSection
	GlobalSection(NestedProjects) = preSolution
		{608BF1AD-5CEE-47EB-AE87-21CAC267A59B} = {5926895B-0512-4B57-B843-FBF6ED00971D}
		{57CB7A9B-1305-4A58-BD85-1AD4BC7C6C0F} = {5926895B-0512-4B57-B843-FBF6ED00971D}
		{ADE3EE88-6B24-4F27-B884-2CB4CCD60A44} = {5926895B-0512-4B57-B843-FBF6ED00971D}
		{C1A448EE-2389-4666-BCA4-920C02AD7566} = {2EC92A80-9CF8-489C-84A9-6388DD60DFFF}
		{882649DA-89FF-458E-A03B-BA3BB0E83C61} = {2EC92A80-9CF8-489C-84A9-6388DD60DFFF}
		{7308E08A-846C-4BAF-8D14-0C4CE78C5519} = {2EC92A80-9CF8-489C-84A9-6388DD60DFFF}
		{B3DEA97D-455C-47DB-9573-6B3AE3C796CD} = {05886EE2-4068-4713-AE79-64E7ABF1EAFC}
		{6430C566-F1D1-479C-BDFD-5947698B0038} = {05886EE2-4068-4713-AE79-64E7ABF1EAFC}
		{185DB7BA-FA05-4105-ACCE-A62C035C15E7} = {05886EE2-4068-4713-AE79-64E7ABF1EAFC}
	EndGlobalSection
EndGlobal
